// !$*UTF8*$!
{
	archiveVersion = 1;
	classes = {
	};
	objectVersion = 46;
	objects = {

/* Begin PBXBuildFile section */
		324E8E68A243693241C1263E /* Pods_EngineYardTests.framework in Frameworks */ = {isa = PBXBuildFile; fileRef = 65072EB2C8C219F36F877EE3 /* Pods_EngineYardTests.framework */; };
		4D1A4C161F212D2600680333 /* BaseTests.swift in Sources */ = {isa = PBXBuildFile; fileRef = 4D1A4C151F212D2600680333 /* BaseTests.swift */; };
		4D1A4C221F212DAF00680333 /* Assets.xcassets in Resources */ = {isa = PBXBuildFile; fileRef = 4D1A4C181F212DAF00680333 /* Assets.xcassets */; };
		4D1A4C231F212DAF00680333 /* data.json in Resources */ = {isa = PBXBuildFile; fileRef = 4D1A4C1B1F212DAF00680333 /* data.json */; };
		4D1A4C261F21314B00680333 /* Constants.swift in Sources */ = {isa = PBXBuildFile; fileRef = 4D1A4C241F21314B00680333 /* Constants.swift */; };
		4D1A4C271F21314B00680333 /* ErrorCodes.swift in Sources */ = {isa = PBXBuildFile; fileRef = 4D1A4C251F21314B00680333 /* ErrorCodes.swift */; };
		4D1A4C2B1F21315200680333 /* Devices.swift in Sources */ = {isa = PBXBuildFile; fileRef = 4D1A4C281F21315200680333 /* Devices.swift */; };
		4D1A4C2C1F21315200680333 /* Fonts.swift in Sources */ = {isa = PBXBuildFile; fileRef = 4D1A4C291F21315200680333 /* Fonts.swift */; };
		4D1A4C2D1F21315200680333 /* Sounds.swift in Sources */ = {isa = PBXBuildFile; fileRef = 4D1A4C2A1F21315200680333 /* Sounds.swift */; };
		4D1A4C321F21315800680333 /* EY+Array.swift in Sources */ = {isa = PBXBuildFile; fileRef = 4D1A4C2E1F21315800680333 /* EY+Array.swift */; };
		4D1A4C331F21315800680333 /* EY+Color.swift in Sources */ = {isa = PBXBuildFile; fileRef = 4D1A4C2F1F21315800680333 /* EY+Color.swift */; };
		4D1A4C341F21315800680333 /* EY+Image.swift in Sources */ = {isa = PBXBuildFile; fileRef = 4D1A4C301F21315800680333 /* EY+Image.swift */; };
		4D1A4C351F21315800680333 /* EY+Time.swift in Sources */ = {isa = PBXBuildFile; fileRef = 4D1A4C311F21315800680333 /* EY+Time.swift */; };
		4D1A4C381F21316100680333 /* GameConfig.swift in Sources */ = {isa = PBXBuildFile; fileRef = 4D1A4C361F21316100680333 /* GameConfig.swift */; };
		4D1A4C391F21316100680333 /* Helpers.swift in Sources */ = {isa = PBXBuildFile; fileRef = 4D1A4C371F21316100680333 /* Helpers.swift */; };
		4D1A4C3E1F21316F00680333 /* GameStates.swift in Sources */ = {isa = PBXBuildFile; fileRef = 4D1A4C3C1F21316F00680333 /* GameStates.swift */; };
		4D1A4C3F1F21316F00680333 /* StateManager.swift in Sources */ = {isa = PBXBuildFile; fileRef = 4D1A4C3D1F21316F00680333 /* StateManager.swift */; };
		4D1A4C411F21319D00680333 /* Generation.swift in Sources */ = {isa = PBXBuildFile; fileRef = 4D1A4C401F21319D00680333 /* Generation.swift */; };
		4D1A4C431F2131A700680333 /* EngineColor.swift in Sources */ = {isa = PBXBuildFile; fileRef = 4D1A4C421F2131A700680333 /* EngineColor.swift */; };
		4D1A4C451F21321900680333 /* Game.swift in Sources */ = {isa = PBXBuildFile; fileRef = 4D1A4C441F21321900680333 /* Game.swift */; };
		4D1A4C471F21335400680333 /* GameBoard.swift in Sources */ = {isa = PBXBuildFile; fileRef = 4D1A4C461F21335400680333 /* GameBoard.swift */; };
		4D1A4C491F21346100680333 /* Locomotive.swift in Sources */ = {isa = PBXBuildFile; fileRef = 4D1A4C481F21346100680333 /* Locomotive.swift */; };
		4D1A4C4B1F21360A00680333 /* Engine.swift in Sources */ = {isa = PBXBuildFile; fileRef = 4D1A4C4A1F21360A00680333 /* Engine.swift */; };
		4D1A4C4D1F21361400680333 /* Player.swift in Sources */ = {isa = PBXBuildFile; fileRef = 4D1A4C4C1F21361400680333 /* Player.swift */; };
		4D1A4C4F1F21361E00680333 /* Production.swift in Sources */ = {isa = PBXBuildFile; fileRef = 4D1A4C4E1F21361E00680333 /* Production.swift */; };
		4D1A4C511F21362900680333 /* OrderBook.swift in Sources */ = {isa = PBXBuildFile; fileRef = 4D1A4C501F21362900680333 /* OrderBook.swift */; };
		4D1A4C531F21365500680333 /* Die.swift in Sources */ = {isa = PBXBuildFile; fileRef = 4D1A4C521F21365500680333 /* Die.swift */; };
		4D1A4C551F21367400680333 /* Account.swift in Sources */ = {isa = PBXBuildFile; fileRef = 4D1A4C541F21367400680333 /* Account.swift */; };
		4D1A4C571F21388800680333 /* Tax.swift in Sources */ = {isa = PBXBuildFile; fileRef = 4D1A4C561F21388800680333 /* Tax.swift */; };
		4D1A4C591F2138C200680333 /* SalesRule.swift in Sources */ = {isa = PBXBuildFile; fileRef = 4D1A4C581F2138C200680333 /* SalesRule.swift */; };
		4D1A4C5B1F2138E900680333 /* Locomotive+API.swift in Sources */ = {isa = PBXBuildFile; fileRef = 4D1A4C5A1F2138E900680333 /* Locomotive+API.swift */; };
		4D1A4C5D1F21392000680333 /* Engine+API.swift in Sources */ = {isa = PBXBuildFile; fileRef = 4D1A4C5C1F21392000680333 /* Engine+API.swift */; };
		4D1A4C5F1F21394A00680333 /* Player+API.swift in Sources */ = {isa = PBXBuildFile; fileRef = 4D1A4C5E1F21394A00680333 /* Player+API.swift */; };
		4D1A4C611F21396E00680333 /* Production+API.swift in Sources */ = {isa = PBXBuildFile; fileRef = 4D1A4C601F21396E00680333 /* Production+API.swift */; };
		4D1A4C631F2139C900680333 /* SetupManager.swift in Sources */ = {isa = PBXBuildFile; fileRef = 4D1A4C621F2139C900680333 /* SetupManager.swift */; };
		4D1A4C651F213AA800680333 /* TurnOrderManager.swift in Sources */ = {isa = PBXBuildFile; fileRef = 4D1A4C641F213AA800680333 /* TurnOrderManager.swift */; };
		4D94297A1F2124B7006B2D89 /* AppDelegate.swift in Sources */ = {isa = PBXBuildFile; fileRef = 4D9429721F2124B7006B2D89 /* AppDelegate.swift */; };
		4D94297B1F2124B7006B2D89 /* Assets.xcassets in Resources */ = {isa = PBXBuildFile; fileRef = 4D9429731F2124B7006B2D89 /* Assets.xcassets */; };
		4D94297C1F2124B7006B2D89 /* LaunchScreen.storyboard in Resources */ = {isa = PBXBuildFile; fileRef = 4D9429741F2124B7006B2D89 /* LaunchScreen.storyboard */; };
		4D94297D1F2124B7006B2D89 /* Main.storyboard in Resources */ = {isa = PBXBuildFile; fileRef = 4D9429761F2124B7006B2D89 /* Main.storyboard */; };
		4D9429821F2124DF006B2D89 /* GameKit.framework in Frameworks */ = {isa = PBXBuildFile; fileRef = 4D9429811F2124DF006B2D89 /* GameKit.framework */; };
		4DC6AC1D1F21CCA300AED444 /* ObsolescenceManager.swift in Sources */ = {isa = PBXBuildFile; fileRef = 4DC6AC1C1F21CCA300AED444 /* ObsolescenceManager.swift */; };
		4DC6AC221F21D6C700AED444 /* FixtureTests.swift in Sources */ = {isa = PBXBuildFile; fileRef = 4DC6AC211F21D6C700AED444 /* FixtureTests.swift */; };
		4DC6AC261F21E09900AED444 /* GameTests.swift in Sources */ = {isa = PBXBuildFile; fileRef = 4DC6AC251F21E09900AED444 /* GameTests.swift */; };
		4DC6AC281F21E3C700AED444 /* TaxTests.swift in Sources */ = {isa = PBXBuildFile; fileRef = 4DC6AC271F21E3C700AED444 /* TaxTests.swift */; };
		4DC6AC2A1F21E53E00AED444 /* AccountTests.swift in Sources */ = {isa = PBXBuildFile; fileRef = 4DC6AC291F21E53E00AED444 /* AccountTests.swift */; };
		4DC6AC2C1F21EB1D00AED444 /* GameSetupTests.swift in Sources */ = {isa = PBXBuildFile; fileRef = 4DC6AC2B1F21EB1D00AED444 /* GameSetupTests.swift */; };
		4DC6AC2E1F21FC0D00AED444 /* ObsolescenceTests.swift in Sources */ = {isa = PBXBuildFile; fileRef = 4DC6AC2D1F21FC0D00AED444 /* ObsolescenceTests.swift */; };
		4DE5E4E91F276E7A0004126E /* BuyTrainViewModel.swift in Sources */ = {isa = PBXBuildFile; fileRef = 4DE5E4E81F276E7A0004126E /* BuyTrainViewModel.swift */; };
		4DE5E4EB1F276FBE0004126E /* BuyProductionViewModel.swift in Sources */ = {isa = PBXBuildFile; fileRef = 4DE5E4EA1F276FBE0004126E /* BuyProductionViewModel.swift */; };
		4DE5E4ED1F2771BE0004126E /* SellingViewModel.swift in Sources */ = {isa = PBXBuildFile; fileRef = 4DE5E4EC1F2771BE0004126E /* SellingViewModel.swift */; };
		4DE5E4F11F2772300004126E /* TaxesViewModel.swift in Sources */ = {isa = PBXBuildFile; fileRef = 4DE5E4F01F2772300004126E /* TaxesViewModel.swift */; };
		4DE5E4F31F2773490004126E /* MarketDemandsViewModel.swift in Sources */ = {isa = PBXBuildFile; fileRef = 4DE5E4F21F2773490004126E /* MarketDemandsViewModel.swift */; };
		4DE5E4F51F2773710004126E /* NextRoundViewModel.swift in Sources */ = {isa = PBXBuildFile; fileRef = 4DE5E4F41F2773710004126E /* NextRoundViewModel.swift */; };
		4DE5E4F71F2773A20004126E /* WinnerViewModel.swift in Sources */ = {isa = PBXBuildFile; fileRef = 4DE5E4F61F2773A20004126E /* WinnerViewModel.swift */; };
		4DE5E4F91F27749C0004126E /* PauseMenuViewModel.swift in Sources */ = {isa = PBXBuildFile; fileRef = 4DE5E4F81F27749C0004126E /* PauseMenuViewModel.swift */; };
		4DE5E4FE1F277B020004126E /* NewGameViewController.swift in Sources */ = {isa = PBXBuildFile; fileRef = 4DE5E4FD1F277B020004126E /* NewGameViewController.swift */; };
		4DE5E5011F277B4E0004126E /* BuyTrain.storyboard in Resources */ = {isa = PBXBuildFile; fileRef = 4DE5E4FF1F277B4E0004126E /* BuyTrain.storyboard */; };
		4DE5E5031F277B8A0004126E /* BuyTrainViewController.swift in Sources */ = {isa = PBXBuildFile; fileRef = 4DE5E5021F277B8A0004126E /* BuyTrainViewController.swift */; };
		4DE5E5051F277B990004126E /* BuyProductionViewController.swift in Sources */ = {isa = PBXBuildFile; fileRef = 4DE5E5041F277B990004126E /* BuyProductionViewController.swift */; };
		4DE5E5081F277BDF0004126E /* BuyProduction.storyboard in Resources */ = {isa = PBXBuildFile; fileRef = 4DE5E5061F277BDF0004126E /* BuyProduction.storyboard */; };
		4DE5E50B1F277BF60004126E /* Selling.storyboard in Resources */ = {isa = PBXBuildFile; fileRef = 4DE5E5091F277BF60004126E /* Selling.storyboard */; };
		4DE5E50D1F277C420004126E /* SellingViewController.swift in Sources */ = {isa = PBXBuildFile; fileRef = 4DE5E50C1F277C420004126E /* SellingViewController.swift */; };
		4DE5E50F1F277C530004126E /* TaxesViewController.swift in Sources */ = {isa = PBXBuildFile; fileRef = 4DE5E50E1F277C530004126E /* TaxesViewController.swift */; };
		4DE5E5111F277C620004126E /* NewTurnOrderViewController.swift in Sources */ = {isa = PBXBuildFile; fileRef = 4DE5E5101F277C620004126E /* NewTurnOrderViewController.swift */; };
		4DE5E5131F277C820004126E /* MarketDemandsViewController.swift in Sources */ = {isa = PBXBuildFile; fileRef = 4DE5E5121F277C820004126E /* MarketDemandsViewController.swift */; };
		4DE5E5151F277CA20004126E /* WinnerViewController.swift in Sources */ = {isa = PBXBuildFile; fileRef = 4DE5E5141F277CA20004126E /* WinnerViewController.swift */; };
		4DE5E5181F277CBD0004126E /* Winner.storyboard in Resources */ = {isa = PBXBuildFile; fileRef = 4DE5E5161F277CBD0004126E /* Winner.storyboard */; };
		4DE5E51A1F277E620004126E /* BuyTrainDetailViewController.swift in Sources */ = {isa = PBXBuildFile; fileRef = 4DE5E5191F277E620004126E /* BuyTrainDetailViewController.swift */; };
		4DE5E51C1F277E6F0004126E /* BuyProductionDetailViewController.swift in Sources */ = {isa = PBXBuildFile; fileRef = 4DE5E51B1F277E6F0004126E /* BuyProductionDetailViewController.swift */; };
		4DE5E5211F277FFD0004126E /* HUD.storyboard in Resources */ = {isa = PBXBuildFile; fileRef = 4DE5E51F1F277FFD0004126E /* HUD.storyboard */; };
		4DE5E5231F2780110004126E /* HUDViewController.swift in Sources */ = {isa = PBXBuildFile; fileRef = 4DE5E5221F2780110004126E /* HUDViewController.swift */; };
		4DE5E5281F2793040004126E /* MainMenuViewController.swift in Sources */ = {isa = PBXBuildFile; fileRef = 4DE5E5271F2793040004126E /* MainMenuViewController.swift */; };
		4DE5E53C1F27B62C0004126E /* PlayerWinnerView.swift in Sources */ = {isa = PBXBuildFile; fileRef = 4DE5E53B1F27B62C0004126E /* PlayerWinnerView.swift */; };
		4DE5E53E1F27B63C0004126E /* PlayerWinnerView.xib in Resources */ = {isa = PBXBuildFile; fileRef = 4DE5E53D1F27B63C0004126E /* PlayerWinnerView.xib */; };
		4DE8BBED1F25F4E700056CF1 /* TransferOrderTests.swift in Sources */ = {isa = PBXBuildFile; fileRef = 4DE8BBEC1F25F4E700056CF1 /* TransferOrderTests.swift */; };
		4DE8BBEF1F25FDB100056CF1 /* ProductionTests.swift in Sources */ = {isa = PBXBuildFile; fileRef = 4DE8BBEE1F25FDB100056CF1 /* ProductionTests.swift */; };
		4DE8BBF11F2647FC00056CF1 /* PurchaseLocomotiveTests.swift in Sources */ = {isa = PBXBuildFile; fileRef = 4DE8BBF01F2647FC00056CF1 /* PurchaseLocomotiveTests.swift */; };
		4DE8BBF31F265FEB00056CF1 /* ShiftProductionManager.swift in Sources */ = {isa = PBXBuildFile; fileRef = 4DE8BBF21F265FEB00056CF1 /* ShiftProductionManager.swift */; };
		4DE8BBF51F26806D00056CF1 /* SalesHandler.swift in Sources */ = {isa = PBXBuildFile; fileRef = 4DE8BBF41F26806D00056CF1 /* SalesHandler.swift */; };
		4DE8BBF71F26817800056CF1 /* SalesTests.swift in Sources */ = {isa = PBXBuildFile; fileRef = 4DE8BBF61F26817800056CF1 /* SalesTests.swift */; };
		4DE8BBF91F2718DA00056CF1 /* SalesJournal.swift in Sources */ = {isa = PBXBuildFile; fileRef = 4DE8BBF81F2718DA00056CF1 /* SalesJournal.swift */; };
		5617A9067209ECA7DCF81613 /* Pods_EngineYard.framework in Frameworks */ = {isa = PBXBuildFile; fileRef = 253187BCC76A335ACA251DC2 /* Pods_EngineYard.framework */; };
/* End PBXBuildFile section */

/* Begin PBXContainerItemProxy section */
		4D9429631F21243C006B2D89 /* PBXContainerItemProxy */ = {
			isa = PBXContainerItemProxy;
			containerPortal = 4D9429461F21243C006B2D89 /* Project object */;
			proxyType = 1;
			remoteGlobalIDString = 4D94294D1F21243C006B2D89;
			remoteInfo = EngineYard;
		};
/* End PBXContainerItemProxy section */

/* Begin PBXFileReference section */
		168E1CE1714A49BF9AA68937 /* Pods-EngineYard.release.xcconfig */ = {isa = PBXFileReference; includeInIndex = 1; lastKnownFileType = text.xcconfig; name = "Pods-EngineYard.release.xcconfig"; path = "Pods/Target Support Files/Pods-EngineYard/Pods-EngineYard.release.xcconfig"; sourceTree = "<group>"; };
		253187BCC76A335ACA251DC2 /* Pods_EngineYard.framework */ = {isa = PBXFileReference; explicitFileType = wrapper.framework; includeInIndex = 0; path = Pods_EngineYard.framework; sourceTree = BUILT_PRODUCTS_DIR; };
		3576C8EE777332A3375423F4 /* Pods-EngineYardTests.debug.xcconfig */ = {isa = PBXFileReference; includeInIndex = 1; lastKnownFileType = text.xcconfig; name = "Pods-EngineYardTests.debug.xcconfig"; path = "Pods/Target Support Files/Pods-EngineYardTests/Pods-EngineYardTests.debug.xcconfig"; sourceTree = "<group>"; };
		4D1A4C151F212D2600680333 /* BaseTests.swift */ = {isa = PBXFileReference; fileEncoding = 4; lastKnownFileType = sourcecode.swift; path = BaseTests.swift; sourceTree = "<group>"; };
		4D1A4C181F212DAF00680333 /* Assets.xcassets */ = {isa = PBXFileReference; lastKnownFileType = folder.assetcatalog; path = Assets.xcassets; sourceTree = "<group>"; };
		4D1A4C1B1F212DAF00680333 /* data.json */ = {isa = PBXFileReference; fileEncoding = 4; lastKnownFileType = text.json; path = data.json; sourceTree = "<group>"; };
		4D1A4C241F21314B00680333 /* Constants.swift */ = {isa = PBXFileReference; fileEncoding = 4; lastKnownFileType = sourcecode.swift; path = Constants.swift; sourceTree = "<group>"; };
		4D1A4C251F21314B00680333 /* ErrorCodes.swift */ = {isa = PBXFileReference; fileEncoding = 4; lastKnownFileType = sourcecode.swift; path = ErrorCodes.swift; sourceTree = "<group>"; };
		4D1A4C281F21315200680333 /* Devices.swift */ = {isa = PBXFileReference; fileEncoding = 4; lastKnownFileType = sourcecode.swift; path = Devices.swift; sourceTree = "<group>"; };
		4D1A4C291F21315200680333 /* Fonts.swift */ = {isa = PBXFileReference; fileEncoding = 4; lastKnownFileType = sourcecode.swift; path = Fonts.swift; sourceTree = "<group>"; };
		4D1A4C2A1F21315200680333 /* Sounds.swift */ = {isa = PBXFileReference; fileEncoding = 4; lastKnownFileType = sourcecode.swift; path = Sounds.swift; sourceTree = "<group>"; };
		4D1A4C2E1F21315800680333 /* EY+Array.swift */ = {isa = PBXFileReference; fileEncoding = 4; lastKnownFileType = sourcecode.swift; path = "EY+Array.swift"; sourceTree = "<group>"; };
		4D1A4C2F1F21315800680333 /* EY+Color.swift */ = {isa = PBXFileReference; fileEncoding = 4; lastKnownFileType = sourcecode.swift; path = "EY+Color.swift"; sourceTree = "<group>"; };
		4D1A4C301F21315800680333 /* EY+Image.swift */ = {isa = PBXFileReference; fileEncoding = 4; lastKnownFileType = sourcecode.swift; path = "EY+Image.swift"; sourceTree = "<group>"; };
		4D1A4C311F21315800680333 /* EY+Time.swift */ = {isa = PBXFileReference; fileEncoding = 4; lastKnownFileType = sourcecode.swift; path = "EY+Time.swift"; sourceTree = "<group>"; };
		4D1A4C361F21316100680333 /* GameConfig.swift */ = {isa = PBXFileReference; fileEncoding = 4; lastKnownFileType = sourcecode.swift; path = GameConfig.swift; sourceTree = "<group>"; };
		4D1A4C371F21316100680333 /* Helpers.swift */ = {isa = PBXFileReference; fileEncoding = 4; lastKnownFileType = sourcecode.swift; path = Helpers.swift; sourceTree = "<group>"; };
		4D1A4C3C1F21316F00680333 /* GameStates.swift */ = {isa = PBXFileReference; fileEncoding = 4; lastKnownFileType = sourcecode.swift; path = GameStates.swift; sourceTree = "<group>"; };
		4D1A4C3D1F21316F00680333 /* StateManager.swift */ = {isa = PBXFileReference; fileEncoding = 4; lastKnownFileType = sourcecode.swift; path = StateManager.swift; sourceTree = "<group>"; };
		4D1A4C401F21319D00680333 /* Generation.swift */ = {isa = PBXFileReference; fileEncoding = 4; lastKnownFileType = sourcecode.swift; path = Generation.swift; sourceTree = "<group>"; };
		4D1A4C421F2131A700680333 /* EngineColor.swift */ = {isa = PBXFileReference; fileEncoding = 4; lastKnownFileType = sourcecode.swift; path = EngineColor.swift; sourceTree = "<group>"; };
		4D1A4C441F21321900680333 /* Game.swift */ = {isa = PBXFileReference; fileEncoding = 4; lastKnownFileType = sourcecode.swift; path = Game.swift; sourceTree = "<group>"; };
		4D1A4C461F21335400680333 /* GameBoard.swift */ = {isa = PBXFileReference; fileEncoding = 4; lastKnownFileType = sourcecode.swift; path = GameBoard.swift; sourceTree = "<group>"; };
		4D1A4C481F21346100680333 /* Locomotive.swift */ = {isa = PBXFileReference; fileEncoding = 4; lastKnownFileType = sourcecode.swift; path = Locomotive.swift; sourceTree = "<group>"; };
		4D1A4C4A1F21360A00680333 /* Engine.swift */ = {isa = PBXFileReference; fileEncoding = 4; lastKnownFileType = sourcecode.swift; path = Engine.swift; sourceTree = "<group>"; };
		4D1A4C4C1F21361400680333 /* Player.swift */ = {isa = PBXFileReference; fileEncoding = 4; lastKnownFileType = sourcecode.swift; path = Player.swift; sourceTree = "<group>"; };
		4D1A4C4E1F21361E00680333 /* Production.swift */ = {isa = PBXFileReference; fileEncoding = 4; lastKnownFileType = sourcecode.swift; path = Production.swift; sourceTree = "<group>"; };
		4D1A4C501F21362900680333 /* OrderBook.swift */ = {isa = PBXFileReference; fileEncoding = 4; lastKnownFileType = sourcecode.swift; path = OrderBook.swift; sourceTree = "<group>"; };
		4D1A4C521F21365500680333 /* Die.swift */ = {isa = PBXFileReference; fileEncoding = 4; lastKnownFileType = sourcecode.swift; path = Die.swift; sourceTree = "<group>"; };
		4D1A4C541F21367400680333 /* Account.swift */ = {isa = PBXFileReference; fileEncoding = 4; lastKnownFileType = sourcecode.swift; path = Account.swift; sourceTree = "<group>"; };
		4D1A4C561F21388800680333 /* Tax.swift */ = {isa = PBXFileReference; fileEncoding = 4; lastKnownFileType = sourcecode.swift; path = Tax.swift; sourceTree = "<group>"; };
		4D1A4C581F2138C200680333 /* SalesRule.swift */ = {isa = PBXFileReference; fileEncoding = 4; lastKnownFileType = sourcecode.swift; path = SalesRule.swift; sourceTree = "<group>"; };
		4D1A4C5A1F2138E900680333 /* Locomotive+API.swift */ = {isa = PBXFileReference; fileEncoding = 4; lastKnownFileType = sourcecode.swift; path = "Locomotive+API.swift"; sourceTree = "<group>"; };
		4D1A4C5C1F21392000680333 /* Engine+API.swift */ = {isa = PBXFileReference; fileEncoding = 4; lastKnownFileType = sourcecode.swift; path = "Engine+API.swift"; sourceTree = "<group>"; };
		4D1A4C5E1F21394A00680333 /* Player+API.swift */ = {isa = PBXFileReference; fileEncoding = 4; lastKnownFileType = sourcecode.swift; path = "Player+API.swift"; sourceTree = "<group>"; };
		4D1A4C601F21396E00680333 /* Production+API.swift */ = {isa = PBXFileReference; fileEncoding = 4; lastKnownFileType = sourcecode.swift; path = "Production+API.swift"; sourceTree = "<group>"; };
		4D1A4C621F2139C900680333 /* SetupManager.swift */ = {isa = PBXFileReference; fileEncoding = 4; lastKnownFileType = sourcecode.swift; path = SetupManager.swift; sourceTree = "<group>"; };
		4D1A4C641F213AA800680333 /* TurnOrderManager.swift */ = {isa = PBXFileReference; fileEncoding = 4; lastKnownFileType = sourcecode.swift; path = TurnOrderManager.swift; sourceTree = "<group>"; };
		4D94294E1F21243C006B2D89 /* EngineYard.app */ = {isa = PBXFileReference; explicitFileType = wrapper.application; includeInIndex = 0; path = EngineYard.app; sourceTree = BUILT_PRODUCTS_DIR; };
		4D9429621F21243C006B2D89 /* EngineYardTests.xctest */ = {isa = PBXFileReference; explicitFileType = wrapper.cfbundle; includeInIndex = 0; path = EngineYardTests.xctest; sourceTree = BUILT_PRODUCTS_DIR; };
		4D9429681F21243C006B2D89 /* Info.plist */ = {isa = PBXFileReference; lastKnownFileType = text.plist.xml; path = Info.plist; sourceTree = "<group>"; };
		4D9429721F2124B7006B2D89 /* AppDelegate.swift */ = {isa = PBXFileReference; fileEncoding = 4; lastKnownFileType = sourcecode.swift; path = AppDelegate.swift; sourceTree = "<group>"; };
		4D9429731F2124B7006B2D89 /* Assets.xcassets */ = {isa = PBXFileReference; lastKnownFileType = folder.assetcatalog; path = Assets.xcassets; sourceTree = "<group>"; };
		4D9429751F2124B7006B2D89 /* Base */ = {isa = PBXFileReference; lastKnownFileType = file.storyboard; name = Base; path = Base.lproj/LaunchScreen.storyboard; sourceTree = "<group>"; };
		4D9429771F2124B7006B2D89 /* Base */ = {isa = PBXFileReference; lastKnownFileType = file.storyboard; name = Base; path = Base.lproj/Main.storyboard; sourceTree = "<group>"; };
		4D9429781F2124B7006B2D89 /* Info.plist */ = {isa = PBXFileReference; fileEncoding = 4; lastKnownFileType = text.plist.xml; path = Info.plist; sourceTree = "<group>"; };
		4D9429811F2124DF006B2D89 /* GameKit.framework */ = {isa = PBXFileReference; lastKnownFileType = wrapper.framework; name = GameKit.framework; path = System/Library/Frameworks/GameKit.framework; sourceTree = SDKROOT; };
		4DC6AC1C1F21CCA300AED444 /* ObsolescenceManager.swift */ = {isa = PBXFileReference; fileEncoding = 4; lastKnownFileType = sourcecode.swift; path = ObsolescenceManager.swift; sourceTree = "<group>"; };
		4DC6AC211F21D6C700AED444 /* FixtureTests.swift */ = {isa = PBXFileReference; fileEncoding = 4; lastKnownFileType = sourcecode.swift; path = FixtureTests.swift; sourceTree = "<group>"; };
		4DC6AC251F21E09900AED444 /* GameTests.swift */ = {isa = PBXFileReference; fileEncoding = 4; lastKnownFileType = sourcecode.swift; path = GameTests.swift; sourceTree = "<group>"; };
		4DC6AC271F21E3C700AED444 /* TaxTests.swift */ = {isa = PBXFileReference; fileEncoding = 4; lastKnownFileType = sourcecode.swift; path = TaxTests.swift; sourceTree = "<group>"; };
		4DC6AC291F21E53E00AED444 /* AccountTests.swift */ = {isa = PBXFileReference; fileEncoding = 4; lastKnownFileType = sourcecode.swift; path = AccountTests.swift; sourceTree = "<group>"; };
		4DC6AC2B1F21EB1D00AED444 /* GameSetupTests.swift */ = {isa = PBXFileReference; fileEncoding = 4; lastKnownFileType = sourcecode.swift; path = GameSetupTests.swift; sourceTree = "<group>"; };
		4DC6AC2D1F21FC0D00AED444 /* ObsolescenceTests.swift */ = {isa = PBXFileReference; fileEncoding = 4; lastKnownFileType = sourcecode.swift; path = ObsolescenceTests.swift; sourceTree = "<group>"; };
		4DE5E4E81F276E7A0004126E /* BuyTrainViewModel.swift */ = {isa = PBXFileReference; fileEncoding = 4; lastKnownFileType = sourcecode.swift; path = BuyTrainViewModel.swift; sourceTree = "<group>"; };
		4DE5E4EA1F276FBE0004126E /* BuyProductionViewModel.swift */ = {isa = PBXFileReference; fileEncoding = 4; lastKnownFileType = sourcecode.swift; path = BuyProductionViewModel.swift; sourceTree = "<group>"; };
		4DE5E4EC1F2771BE0004126E /* SellingViewModel.swift */ = {isa = PBXFileReference; fileEncoding = 4; lastKnownFileType = sourcecode.swift; path = SellingViewModel.swift; sourceTree = "<group>"; };
		4DE5E4F01F2772300004126E /* TaxesViewModel.swift */ = {isa = PBXFileReference; fileEncoding = 4; lastKnownFileType = sourcecode.swift; path = TaxesViewModel.swift; sourceTree = "<group>"; };
		4DE5E4F21F2773490004126E /* MarketDemandsViewModel.swift */ = {isa = PBXFileReference; fileEncoding = 4; lastKnownFileType = sourcecode.swift; path = MarketDemandsViewModel.swift; sourceTree = "<group>"; };
		4DE5E4F41F2773710004126E /* NextRoundViewModel.swift */ = {isa = PBXFileReference; fileEncoding = 4; lastKnownFileType = sourcecode.swift; path = NextRoundViewModel.swift; sourceTree = "<group>"; };
		4DE5E4F61F2773A20004126E /* WinnerViewModel.swift */ = {isa = PBXFileReference; fileEncoding = 4; lastKnownFileType = sourcecode.swift; path = WinnerViewModel.swift; sourceTree = "<group>"; };
		4DE5E4F81F27749C0004126E /* PauseMenuViewModel.swift */ = {isa = PBXFileReference; fileEncoding = 4; lastKnownFileType = sourcecode.swift; path = PauseMenuViewModel.swift; sourceTree = "<group>"; };
		4DE5E4FD1F277B020004126E /* NewGameViewController.swift */ = {isa = PBXFileReference; fileEncoding = 4; lastKnownFileType = sourcecode.swift; path = NewGameViewController.swift; sourceTree = "<group>"; };
		4DE5E5001F277B4E0004126E /* Base */ = {isa = PBXFileReference; lastKnownFileType = file.storyboard; name = Base; path = Base.lproj/BuyTrain.storyboard; sourceTree = "<group>"; };
		4DE5E5021F277B8A0004126E /* BuyTrainViewController.swift */ = {isa = PBXFileReference; fileEncoding = 4; lastKnownFileType = sourcecode.swift; path = BuyTrainViewController.swift; sourceTree = "<group>"; };
		4DE5E5041F277B990004126E /* BuyProductionViewController.swift */ = {isa = PBXFileReference; fileEncoding = 4; lastKnownFileType = sourcecode.swift; path = BuyProductionViewController.swift; sourceTree = "<group>"; };
		4DE5E5071F277BDF0004126E /* Base */ = {isa = PBXFileReference; lastKnownFileType = file.storyboard; name = Base; path = Base.lproj/BuyProduction.storyboard; sourceTree = "<group>"; };
		4DE5E50A1F277BF60004126E /* Base */ = {isa = PBXFileReference; lastKnownFileType = file.storyboard; name = Base; path = Base.lproj/Selling.storyboard; sourceTree = "<group>"; };
		4DE5E50C1F277C420004126E /* SellingViewController.swift */ = {isa = PBXFileReference; fileEncoding = 4; lastKnownFileType = sourcecode.swift; path = SellingViewController.swift; sourceTree = "<group>"; };
		4DE5E50E1F277C530004126E /* TaxesViewController.swift */ = {isa = PBXFileReference; fileEncoding = 4; lastKnownFileType = sourcecode.swift; path = TaxesViewController.swift; sourceTree = "<group>"; };
		4DE5E5101F277C620004126E /* NewTurnOrderViewController.swift */ = {isa = PBXFileReference; fileEncoding = 4; lastKnownFileType = sourcecode.swift; path = NewTurnOrderViewController.swift; sourceTree = "<group>"; };
		4DE5E5121F277C820004126E /* MarketDemandsViewController.swift */ = {isa = PBXFileReference; fileEncoding = 4; lastKnownFileType = sourcecode.swift; path = MarketDemandsViewController.swift; sourceTree = "<group>"; };
		4DE5E5141F277CA20004126E /* WinnerViewController.swift */ = {isa = PBXFileReference; fileEncoding = 4; lastKnownFileType = sourcecode.swift; path = WinnerViewController.swift; sourceTree = "<group>"; };
		4DE5E5171F277CBD0004126E /* Base */ = {isa = PBXFileReference; lastKnownFileType = file.storyboard; name = Base; path = Base.lproj/Winner.storyboard; sourceTree = "<group>"; };
		4DE5E5191F277E620004126E /* BuyTrainDetailViewController.swift */ = {isa = PBXFileReference; fileEncoding = 4; lastKnownFileType = sourcecode.swift; path = BuyTrainDetailViewController.swift; sourceTree = "<group>"; };
		4DE5E51B1F277E6F0004126E /* BuyProductionDetailViewController.swift */ = {isa = PBXFileReference; fileEncoding = 4; lastKnownFileType = sourcecode.swift; path = BuyProductionDetailViewController.swift; sourceTree = "<group>"; };
		4DE5E5201F277FFD0004126E /* Base */ = {isa = PBXFileReference; lastKnownFileType = file.storyboard; name = Base; path = Base.lproj/HUD.storyboard; sourceTree = "<group>"; };
		4DE5E5221F2780110004126E /* HUDViewController.swift */ = {isa = PBXFileReference; fileEncoding = 4; lastKnownFileType = sourcecode.swift; path = HUDViewController.swift; sourceTree = "<group>"; };
		4DE5E5271F2793040004126E /* MainMenuViewController.swift */ = {isa = PBXFileReference; fileEncoding = 4; lastKnownFileType = sourcecode.swift; path = MainMenuViewController.swift; sourceTree = "<group>"; };
		4DE5E53B1F27B62C0004126E /* PlayerWinnerView.swift */ = {isa = PBXFileReference; fileEncoding = 4; lastKnownFileType = sourcecode.swift; path = PlayerWinnerView.swift; sourceTree = "<group>"; };
		4DE5E53D1F27B63C0004126E /* PlayerWinnerView.xib */ = {isa = PBXFileReference; fileEncoding = 4; lastKnownFileType = file.xib; path = PlayerWinnerView.xib; sourceTree = "<group>"; };
		4DE8BBEC1F25F4E700056CF1 /* TransferOrderTests.swift */ = {isa = PBXFileReference; fileEncoding = 4; lastKnownFileType = sourcecode.swift; path = TransferOrderTests.swift; sourceTree = "<group>"; };
		4DE8BBEE1F25FDB100056CF1 /* ProductionTests.swift */ = {isa = PBXFileReference; fileEncoding = 4; lastKnownFileType = sourcecode.swift; path = ProductionTests.swift; sourceTree = "<group>"; };
		4DE8BBF01F2647FC00056CF1 /* PurchaseLocomotiveTests.swift */ = {isa = PBXFileReference; fileEncoding = 4; lastKnownFileType = sourcecode.swift; path = PurchaseLocomotiveTests.swift; sourceTree = "<group>"; };
		4DE8BBF21F265FEB00056CF1 /* ShiftProductionManager.swift */ = {isa = PBXFileReference; fileEncoding = 4; lastKnownFileType = sourcecode.swift; path = ShiftProductionManager.swift; sourceTree = "<group>"; };
		4DE8BBF41F26806D00056CF1 /* SalesHandler.swift */ = {isa = PBXFileReference; fileEncoding = 4; lastKnownFileType = sourcecode.swift; path = SalesHandler.swift; sourceTree = "<group>"; };
		4DE8BBF61F26817800056CF1 /* SalesTests.swift */ = {isa = PBXFileReference; fileEncoding = 4; lastKnownFileType = sourcecode.swift; path = SalesTests.swift; sourceTree = "<group>"; };
		4DE8BBF81F2718DA00056CF1 /* SalesJournal.swift */ = {isa = PBXFileReference; fileEncoding = 4; lastKnownFileType = sourcecode.swift; path = SalesJournal.swift; sourceTree = "<group>"; };
		65072EB2C8C219F36F877EE3 /* Pods_EngineYardTests.framework */ = {isa = PBXFileReference; explicitFileType = wrapper.framework; includeInIndex = 0; path = Pods_EngineYardTests.framework; sourceTree = BUILT_PRODUCTS_DIR; };
		9367A3353E6EE7FD594061E2 /* Pods-EngineYard.debug.xcconfig */ = {isa = PBXFileReference; includeInIndex = 1; lastKnownFileType = text.xcconfig; name = "Pods-EngineYard.debug.xcconfig"; path = "Pods/Target Support Files/Pods-EngineYard/Pods-EngineYard.debug.xcconfig"; sourceTree = "<group>"; };
		E4E5013E34E3028E718C800D /* Pods-EngineYardTests.release.xcconfig */ = {isa = PBXFileReference; includeInIndex = 1; lastKnownFileType = text.xcconfig; name = "Pods-EngineYardTests.release.xcconfig"; path = "Pods/Target Support Files/Pods-EngineYardTests/Pods-EngineYardTests.release.xcconfig"; sourceTree = "<group>"; };
/* End PBXFileReference section */

/* Begin PBXFrameworksBuildPhase section */
		4D94294B1F21243C006B2D89 /* Frameworks */ = {
			isa = PBXFrameworksBuildPhase;
			buildActionMask = 2147483647;
			files = (
				4D9429821F2124DF006B2D89 /* GameKit.framework in Frameworks */,
				5617A9067209ECA7DCF81613 /* Pods_EngineYard.framework in Frameworks */,
			);
			runOnlyForDeploymentPostprocessing = 0;
		};
		4D94295F1F21243C006B2D89 /* Frameworks */ = {
			isa = PBXFrameworksBuildPhase;
			buildActionMask = 2147483647;
			files = (
				324E8E68A243693241C1263E /* Pods_EngineYardTests.framework in Frameworks */,
			);
			runOnlyForDeploymentPostprocessing = 0;
		};
/* End PBXFrameworksBuildPhase section */

/* Begin PBXGroup section */
		4D1A4C171F212DAF00680333 /* Assets */ = {
			isa = PBXGroup;
			children = (
				4D1A4C181F212DAF00680333 /* Assets.xcassets */,
			);
			path = Assets;
			sourceTree = "<group>";
		};
		4D1A4C191F212DAF00680333 /* Constants */ = {
			isa = PBXGroup;
			children = (
				4D1A4C241F21314B00680333 /* Constants.swift */,
				4D1A4C251F21314B00680333 /* ErrorCodes.swift */,
			);
			path = Constants;
			sourceTree = "<group>";
		};
		4D1A4C1A1F212DAF00680333 /* Data */ = {
			isa = PBXGroup;
			children = (
				4D1A4C1B1F212DAF00680333 /* data.json */,
			);
			path = Data;
			sourceTree = "<group>";
		};
		4D1A4C1C1F212DAF00680333 /* Enums */ = {
			isa = PBXGroup;
			children = (
				4D1A4C281F21315200680333 /* Devices.swift */,
				4D1A4C291F21315200680333 /* Fonts.swift */,
				4D1A4C2A1F21315200680333 /* Sounds.swift */,
			);
			path = Enums;
			sourceTree = "<group>";
		};
		4D1A4C1D1F212DAF00680333 /* Extensions */ = {
			isa = PBXGroup;
			children = (
				4D1A4C2E1F21315800680333 /* EY+Array.swift */,
				4D1A4C2F1F21315800680333 /* EY+Color.swift */,
				4D1A4C301F21315800680333 /* EY+Image.swift */,
				4D1A4C311F21315800680333 /* EY+Time.swift */,
			);
			path = Extensions;
			sourceTree = "<group>";
		};
		4D1A4C1E1F212DAF00680333 /* Helpers */ = {
			isa = PBXGroup;
			children = (
				4D1A4C361F21316100680333 /* GameConfig.swift */,
				4D1A4C371F21316100680333 /* Helpers.swift */,
			);
			path = Helpers;
			sourceTree = "<group>";
		};
		4D1A4C1F1F212DAF00680333 /* Managers */ = {
			isa = PBXGroup;
			children = (
				4D1A4C621F2139C900680333 /* SetupManager.swift */,
				4D1A4C641F213AA800680333 /* TurnOrderManager.swift */,
				4DC6AC1C1F21CCA300AED444 /* ObsolescenceManager.swift */,
				4DE8BBF21F265FEB00056CF1 /* ShiftProductionManager.swift */,
				4DE8BBF41F26806D00056CF1 /* SalesHandler.swift */,
			);
			path = Managers;
			sourceTree = "<group>";
		};
		4D1A4C201F212DAF00680333 /* Models */ = {
			isa = PBXGroup;
			children = (
				4D1A4C401F21319D00680333 /* Generation.swift */,
				4D1A4C421F2131A700680333 /* EngineColor.swift */,
				4D1A4C441F21321900680333 /* Game.swift */,
				4D1A4C461F21335400680333 /* GameBoard.swift */,
				4D1A4C481F21346100680333 /* Locomotive.swift */,
				4D1A4C5A1F2138E900680333 /* Locomotive+API.swift */,
				4D1A4C4A1F21360A00680333 /* Engine.swift */,
				4D1A4C5C1F21392000680333 /* Engine+API.swift */,
				4D1A4C4C1F21361400680333 /* Player.swift */,
				4D1A4C5E1F21394A00680333 /* Player+API.swift */,
				4D1A4C4E1F21361E00680333 /* Production.swift */,
				4D1A4C601F21396E00680333 /* Production+API.swift */,
				4D1A4C501F21362900680333 /* OrderBook.swift */,
				4D1A4C521F21365500680333 /* Die.swift */,
				4D1A4C541F21367400680333 /* Account.swift */,
				4D1A4C561F21388800680333 /* Tax.swift */,
				4D1A4C581F2138C200680333 /* SalesRule.swift */,
				4DE8BBF81F2718DA00056CF1 /* SalesJournal.swift */,
			);
			path = Models;
			sourceTree = "<group>";
		};
		4D1A4C211F212DAF00680333 /* States */ = {
			isa = PBXGroup;
			children = (
				4D1A4C3C1F21316F00680333 /* GameStates.swift */,
				4D1A4C3D1F21316F00680333 /* StateManager.swift */,
			);
			path = States;
			sourceTree = "<group>";
		};
		4D9429451F21243C006B2D89 = {
			isa = PBXGroup;
			children = (
				4DC6AC1E1F21CD7300AED444 /* Shared */,
				4D9429711F2124B7006B2D89 /* EngineYard_iOS */,
				4D9429651F21243C006B2D89 /* EngineYardTests */,
				4D94294F1F21243C006B2D89 /* Products */,
				4D9429801F2124DF006B2D89 /* Frameworks */,
				AF42B8C9DFE4FE4037A4E31F /* Pods */,
			);
			sourceTree = "<group>";
		};
		4D94294F1F21243C006B2D89 /* Products */ = {
			isa = PBXGroup;
			children = (
				4D94294E1F21243C006B2D89 /* EngineYard.app */,
				4D9429621F21243C006B2D89 /* EngineYardTests.xctest */,
			);
			name = Products;
			sourceTree = "<group>";
		};
		4D9429651F21243C006B2D89 /* EngineYardTests */ = {
			isa = PBXGroup;
			children = (
				4D1A4C151F212D2600680333 /* BaseTests.swift */,
				4DC6AC211F21D6C700AED444 /* FixtureTests.swift */,
				4DC6AC251F21E09900AED444 /* GameTests.swift */,
				4DC6AC271F21E3C700AED444 /* TaxTests.swift */,
				4DC6AC2B1F21EB1D00AED444 /* GameSetupTests.swift */,
				4DC6AC291F21E53E00AED444 /* AccountTests.swift */,
				4DE8BBF01F2647FC00056CF1 /* PurchaseLocomotiveTests.swift */,
				4DE8BBEE1F25FDB100056CF1 /* ProductionTests.swift */,
				4DE8BBEC1F25F4E700056CF1 /* TransferOrderTests.swift */,
				4DC6AC2D1F21FC0D00AED444 /* ObsolescenceTests.swift */,
				4DE8BBF61F26817800056CF1 /* SalesTests.swift */,
				4D9429681F21243C006B2D89 /* Info.plist */,
			);
			path = EngineYardTests;
			sourceTree = "<group>";
		};
		4D9429711F2124B7006B2D89 /* EngineYard_iOS */ = {
			isa = PBXGroup;
			children = (
				4DE5E5241F27808C0004126E /* Views */,
				4DE5E4FA1F2779B90004126E /* ViewControllers */,
				4D9429721F2124B7006B2D89 /* AppDelegate.swift */,
				4D9429731F2124B7006B2D89 /* Assets.xcassets */,
				4D9429741F2124B7006B2D89 /* LaunchScreen.storyboard */,
				4D9429761F2124B7006B2D89 /* Main.storyboard */,
				4DE5E4FF1F277B4E0004126E /* BuyTrain.storyboard */,
				4DE5E5061F277BDF0004126E /* BuyProduction.storyboard */,
				4DE5E5091F277BF60004126E /* Selling.storyboard */,
				4DE5E5161F277CBD0004126E /* Winner.storyboard */,
				4DE5E51F1F277FFD0004126E /* HUD.storyboard */,
				4D9429781F2124B7006B2D89 /* Info.plist */,
			);
			path = EngineYard_iOS;
			sourceTree = "<group>";
		};
		4D9429801F2124DF006B2D89 /* Frameworks */ = {
			isa = PBXGroup;
			children = (
				4D9429811F2124DF006B2D89 /* GameKit.framework */,
				253187BCC76A335ACA251DC2 /* Pods_EngineYard.framework */,
				65072EB2C8C219F36F877EE3 /* Pods_EngineYardTests.framework */,
			);
			name = Frameworks;
			sourceTree = "<group>";
		};
		4DC6AC1E1F21CD7300AED444 /* Shared */ = {
			isa = PBXGroup;
			children = (
				4D1A4C171F212DAF00680333 /* Assets */,
				4D1A4C191F212DAF00680333 /* Constants */,
				4D1A4C1A1F212DAF00680333 /* Data */,
				4D1A4C1C1F212DAF00680333 /* Enums */,
				4D1A4C1D1F212DAF00680333 /* Extensions */,
				4D1A4C1E1F212DAF00680333 /* Helpers */,
				4D1A4C1F1F212DAF00680333 /* Managers */,
				4D1A4C201F212DAF00680333 /* Models */,
				4DE5E4E71F276E6B0004126E /* ViewModels */,
				4D1A4C211F212DAF00680333 /* States */,
			);
			path = Shared;
			sourceTree = "<group>";
		};
		4DE5E4E71F276E6B0004126E /* ViewModels */ = {
			isa = PBXGroup;
			children = (
				4DE5E4E81F276E7A0004126E /* BuyTrainViewModel.swift */,
				4DE5E4EA1F276FBE0004126E /* BuyProductionViewModel.swift */,
				4DE5E4EC1F2771BE0004126E /* SellingViewModel.swift */,
				4DE5E4F01F2772300004126E /* TaxesViewModel.swift */,
				4DE5E4F21F2773490004126E /* MarketDemandsViewModel.swift */,
				4DE5E4F41F2773710004126E /* NextRoundViewModel.swift */,
				4DE5E4F61F2773A20004126E /* WinnerViewModel.swift */,
				4DE5E4F81F27749C0004126E /* PauseMenuViewModel.swift */,
			);
			path = ViewModels;
			sourceTree = "<group>";
		};
		4DE5E4FA1F2779B90004126E /* ViewControllers */ = {
			isa = PBXGroup;
			children = (
				4DE5E5221F2780110004126E /* HUDViewController.swift */,
				4DE5E5271F2793040004126E /* MainMenuViewController.swift */,
				4DE5E4FD1F277B020004126E /* NewGameViewController.swift */,
				4DE5E51D1F277FA40004126E /* BuyTrain */,
				4DE5E51E1F277FA90004126E /* BuyProduction */,
				4DE5E50C1F277C420004126E /* SellingViewController.swift */,
				4DE5E50E1F277C530004126E /* TaxesViewController.swift */,
				4DE5E5121F277C820004126E /* MarketDemandsViewController.swift */,
				4DE5E5101F277C620004126E /* NewTurnOrderViewController.swift */,
				4DE5E5141F277CA20004126E /* WinnerViewController.swift */,
			);
			path = ViewControllers;
			sourceTree = "<group>";
		};
		4DE5E51D1F277FA40004126E /* BuyTrain */ = {
			isa = PBXGroup;
			children = (
				4DE5E5021F277B8A0004126E /* BuyTrainViewController.swift */,
				4DE5E5191F277E620004126E /* BuyTrainDetailViewController.swift */,
			);
			name = BuyTrain;
			sourceTree = "<group>";
		};
		4DE5E51E1F277FA90004126E /* BuyProduction */ = {
			isa = PBXGroup;
			children = (
				4DE5E5041F277B990004126E /* BuyProductionViewController.swift */,
				4DE5E51B1F277E6F0004126E /* BuyProductionDetailViewController.swift */,
			);
			name = BuyProduction;
			sourceTree = "<group>";
		};
		4DE5E5241F27808C0004126E /* Views */ = {
			isa = PBXGroup;
			children = (
				4DE5E5251F27808C0004126E /* EngineCard */,
				4DE5E5261F27808C0004126E /* PlayerCard */,
			);
			path = Views;
			sourceTree = "<group>";
		};
		4DE5E5251F27808C0004126E /* EngineCard */ = {
			isa = PBXGroup;
			children = (
			);
			path = EngineCard;
			sourceTree = "<group>";
		};
		4DE5E5261F27808C0004126E /* PlayerCard */ = {
			isa = PBXGroup;
			children = (
				4DE5E53B1F27B62C0004126E /* PlayerWinnerView.swift */,
				4DE5E53D1F27B63C0004126E /* PlayerWinnerView.xib */,
			);
			path = PlayerCard;
			sourceTree = "<group>";
		};
		AF42B8C9DFE4FE4037A4E31F /* Pods */ = {
			isa = PBXGroup;
			children = (
				9367A3353E6EE7FD594061E2 /* Pods-EngineYard.debug.xcconfig */,
				168E1CE1714A49BF9AA68937 /* Pods-EngineYard.release.xcconfig */,
				3576C8EE777332A3375423F4 /* Pods-EngineYardTests.debug.xcconfig */,
				E4E5013E34E3028E718C800D /* Pods-EngineYardTests.release.xcconfig */,
			);
			name = Pods;
			sourceTree = "<group>";
		};
/* End PBXGroup section */

/* Begin PBXNativeTarget section */
		4D94294D1F21243C006B2D89 /* EngineYard */ = {
			isa = PBXNativeTarget;
			buildConfigurationList = 4D94296B1F21243C006B2D89 /* Build configuration list for PBXNativeTarget "EngineYard" */;
			buildPhases = (
				F989D52508398DB0B8F9429D /* [CP] Check Pods Manifest.lock */,
				4D94294A1F21243C006B2D89 /* Sources */,
				4D94294B1F21243C006B2D89 /* Frameworks */,
				4D94294C1F21243C006B2D89 /* Resources */,
				C8934BC8BE7503F24414034E /* [CP] Embed Pods Frameworks */,
				D3F2584B92320F5D9BB60CE4 /* [CP] Copy Pods Resources */,
			);
			buildRules = (
			);
			dependencies = (
			);
			name = EngineYard;
			productName = EngineYard;
			productReference = 4D94294E1F21243C006B2D89 /* EngineYard.app */;
			productType = "com.apple.product-type.application";
		};
		4D9429611F21243C006B2D89 /* EngineYardTests */ = {
			isa = PBXNativeTarget;
			buildConfigurationList = 4D94296E1F21243C006B2D89 /* Build configuration list for PBXNativeTarget "EngineYardTests" */;
			buildPhases = (
				36D1401A7126566A02DF6F37 /* [CP] Check Pods Manifest.lock */,
				4D94295E1F21243C006B2D89 /* Sources */,
				4D94295F1F21243C006B2D89 /* Frameworks */,
				4D9429601F21243C006B2D89 /* Resources */,
				3E5EF48745C3A2B4FB593FF9 /* [CP] Embed Pods Frameworks */,
				869344112D66AE7BF1792078 /* [CP] Copy Pods Resources */,
			);
			buildRules = (
			);
			dependencies = (
				4D9429641F21243C006B2D89 /* PBXTargetDependency */,
			);
			name = EngineYardTests;
			productName = EngineYardTests;
			productReference = 4D9429621F21243C006B2D89 /* EngineYardTests.xctest */;
			productType = "com.apple.product-type.bundle.unit-test";
		};
/* End PBXNativeTarget section */

/* Begin PBXProject section */
		4D9429461F21243C006B2D89 /* Project object */ = {
			isa = PBXProject;
			attributes = {
				LastSwiftUpdateCheck = 0820;
				LastUpgradeCheck = 0820;
				ORGANIZATIONNAME = Amarjit;
				TargetAttributes = {
					4D94294D1F21243C006B2D89 = {
						CreatedOnToolsVersion = 8.2.1;
						DevelopmentTeam = A48R25Y4D5;
						ProvisioningStyle = Automatic;
						SystemCapabilities = {
							com.apple.GameCenter = {
								enabled = 1;
							};
						};
					};
					4D9429611F21243C006B2D89 = {
						CreatedOnToolsVersion = 8.2.1;
						DevelopmentTeam = A48R25Y4D5;
						ProvisioningStyle = Automatic;
						TestTargetID = 4D94294D1F21243C006B2D89;
					};
				};
			};
			buildConfigurationList = 4D9429491F21243C006B2D89 /* Build configuration list for PBXProject "EngineYard" */;
			compatibilityVersion = "Xcode 3.2";
			developmentRegion = English;
			hasScannedForEncodings = 0;
			knownRegions = (
				en,
				Base,
			);
			mainGroup = 4D9429451F21243C006B2D89;
			productRefGroup = 4D94294F1F21243C006B2D89 /* Products */;
			projectDirPath = "";
			projectRoot = "";
			targets = (
				4D94294D1F21243C006B2D89 /* EngineYard */,
				4D9429611F21243C006B2D89 /* EngineYardTests */,
			);
		};
/* End PBXProject section */

/* Begin PBXResourcesBuildPhase section */
		4D94294C1F21243C006B2D89 /* Resources */ = {
			isa = PBXResourcesBuildPhase;
			buildActionMask = 2147483647;
			files = (
				4DE5E5011F277B4E0004126E /* BuyTrain.storyboard in Resources */,
				4DE5E5181F277CBD0004126E /* Winner.storyboard in Resources */,
				4DE5E5081F277BDF0004126E /* BuyProduction.storyboard in Resources */,
				4DE5E53E1F27B63C0004126E /* PlayerWinnerView.xib in Resources */,
				4D94297D1F2124B7006B2D89 /* Main.storyboard in Resources */,
				4D94297B1F2124B7006B2D89 /* Assets.xcassets in Resources */,
				4D1A4C221F212DAF00680333 /* Assets.xcassets in Resources */,
				4D1A4C231F212DAF00680333 /* data.json in Resources */,
				4D94297C1F2124B7006B2D89 /* LaunchScreen.storyboard in Resources */,
				4DE5E5211F277FFD0004126E /* HUD.storyboard in Resources */,
				4DE5E50B1F277BF60004126E /* Selling.storyboard in Resources */,
			);
			runOnlyForDeploymentPostprocessing = 0;
		};
		4D9429601F21243C006B2D89 /* Resources */ = {
			isa = PBXResourcesBuildPhase;
			buildActionMask = 2147483647;
			files = (
			);
			runOnlyForDeploymentPostprocessing = 0;
		};
/* End PBXResourcesBuildPhase section */

/* Begin PBXShellScriptBuildPhase section */
		36D1401A7126566A02DF6F37 /* [CP] Check Pods Manifest.lock */ = {
			isa = PBXShellScriptBuildPhase;
			buildActionMask = 2147483647;
			files = (
			);
			inputPaths = (
			);
			name = "[CP] Check Pods Manifest.lock";
			outputPaths = (
			);
			runOnlyForDeploymentPostprocessing = 0;
			shellPath = /bin/sh;
			shellScript = "diff \"${PODS_PODFILE_DIR_PATH}/Podfile.lock\" \"${PODS_ROOT}/Manifest.lock\" > /dev/null\nif [ $? != 0 ] ; then\n    # print error to STDERR\n    echo \"error: The sandbox is not in sync with the Podfile.lock. Run 'pod install' or update your CocoaPods installation.\" >&2\n    exit 1\nfi\n";
			showEnvVarsInLog = 0;
		};
		3E5EF48745C3A2B4FB593FF9 /* [CP] Embed Pods Frameworks */ = {
			isa = PBXShellScriptBuildPhase;
			buildActionMask = 2147483647;
			files = (
			);
			inputPaths = (
			);
			name = "[CP] Embed Pods Frameworks";
			outputPaths = (
			);
			runOnlyForDeploymentPostprocessing = 0;
			shellPath = /bin/sh;
			shellScript = "\"${SRCROOT}/Pods/Target Support Files/Pods-EngineYardTests/Pods-EngineYardTests-frameworks.sh\"\n";
			showEnvVarsInLog = 0;
		};
		869344112D66AE7BF1792078 /* [CP] Copy Pods Resources */ = {
			isa = PBXShellScriptBuildPhase;
			buildActionMask = 2147483647;
			files = (
			);
			inputPaths = (
			);
			name = "[CP] Copy Pods Resources";
			outputPaths = (
			);
			runOnlyForDeploymentPostprocessing = 0;
			shellPath = /bin/sh;
			shellScript = "\"${SRCROOT}/Pods/Target Support Files/Pods-EngineYardTests/Pods-EngineYardTests-resources.sh\"\n";
			showEnvVarsInLog = 0;
		};
		C8934BC8BE7503F24414034E /* [CP] Embed Pods Frameworks */ = {
			isa = PBXShellScriptBuildPhase;
			buildActionMask = 2147483647;
			files = (
			);
			inputPaths = (
			);
			name = "[CP] Embed Pods Frameworks";
			outputPaths = (
			);
			runOnlyForDeploymentPostprocessing = 0;
			shellPath = /bin/sh;
			shellScript = "\"${SRCROOT}/Pods/Target Support Files/Pods-EngineYard/Pods-EngineYard-frameworks.sh\"\n";
			showEnvVarsInLog = 0;
		};
		D3F2584B92320F5D9BB60CE4 /* [CP] Copy Pods Resources */ = {
			isa = PBXShellScriptBuildPhase;
			buildActionMask = 2147483647;
			files = (
			);
			inputPaths = (
			);
			name = "[CP] Copy Pods Resources";
			outputPaths = (
			);
			runOnlyForDeploymentPostprocessing = 0;
			shellPath = /bin/sh;
			shellScript = "\"${SRCROOT}/Pods/Target Support Files/Pods-EngineYard/Pods-EngineYard-resources.sh\"\n";
			showEnvVarsInLog = 0;
		};
		F989D52508398DB0B8F9429D /* [CP] Check Pods Manifest.lock */ = {
			isa = PBXShellScriptBuildPhase;
			buildActionMask = 2147483647;
			files = (
			);
			inputPaths = (
			);
			name = "[CP] Check Pods Manifest.lock";
			outputPaths = (
			);
			runOnlyForDeploymentPostprocessing = 0;
			shellPath = /bin/sh;
			shellScript = "diff \"${PODS_PODFILE_DIR_PATH}/Podfile.lock\" \"${PODS_ROOT}/Manifest.lock\" > /dev/null\nif [ $? != 0 ] ; then\n    # print error to STDERR\n    echo \"error: The sandbox is not in sync with the Podfile.lock. Run 'pod install' or update your CocoaPods installation.\" >&2\n    exit 1\nfi\n";
			showEnvVarsInLog = 0;
		};
/* End PBXShellScriptBuildPhase section */

/* Begin PBXSourcesBuildPhase section */
		4D94294A1F21243C006B2D89 /* Sources */ = {
			isa = PBXSourcesBuildPhase;
			buildActionMask = 2147483647;
			files = (
				4DE8BBF31F265FEB00056CF1 /* ShiftProductionManager.swift in Sources */,
				4D1A4C321F21315800680333 /* EY+Array.swift in Sources */,
				4DE8BBF91F2718DA00056CF1 /* SalesJournal.swift in Sources */,
				4D1A4C4F1F21361E00680333 /* Production.swift in Sources */,
				4DE5E4FE1F277B020004126E /* NewGameViewController.swift in Sources */,
				4D94297A1F2124B7006B2D89 /* AppDelegate.swift in Sources */,
				4DE5E4F71F2773A20004126E /* WinnerViewModel.swift in Sources */,
				4DE5E4F31F2773490004126E /* MarketDemandsViewModel.swift in Sources */,
				4D1A4C4D1F21361400680333 /* Player.swift in Sources */,
				4DE5E50D1F277C420004126E /* SellingViewController.swift in Sources */,
				4DE5E53C1F27B62C0004126E /* PlayerWinnerView.swift in Sources */,
				4D1A4C491F21346100680333 /* Locomotive.swift in Sources */,
				4DE5E5151F277CA20004126E /* WinnerViewController.swift in Sources */,
				4D1A4C341F21315800680333 /* EY+Image.swift in Sources */,
				4DE5E4E91F276E7A0004126E /* BuyTrainViewModel.swift in Sources */,
				4D1A4C5D1F21392000680333 /* Engine+API.swift in Sources */,
				4DE5E4ED1F2771BE0004126E /* SellingViewModel.swift in Sources */,
				4DE5E50F1F277C530004126E /* TaxesViewController.swift in Sources */,
				4D1A4C2B1F21315200680333 /* Devices.swift in Sources */,
				4D1A4C5B1F2138E900680333 /* Locomotive+API.swift in Sources */,
				4D1A4C261F21314B00680333 /* Constants.swift in Sources */,
				4DE5E5051F277B990004126E /* BuyProductionViewController.swift in Sources */,
				4D1A4C651F213AA800680333 /* TurnOrderManager.swift in Sources */,
				4DE5E5131F277C820004126E /* MarketDemandsViewController.swift in Sources */,
				4D1A4C511F21362900680333 /* OrderBook.swift in Sources */,
				4DE5E5111F277C620004126E /* NewTurnOrderViewController.swift in Sources */,
				4DE8BBF51F26806D00056CF1 /* SalesHandler.swift in Sources */,
				4D1A4C431F2131A700680333 /* EngineColor.swift in Sources */,
				4D1A4C411F21319D00680333 /* Generation.swift in Sources */,
				4D1A4C331F21315800680333 /* EY+Color.swift in Sources */,
				4DE5E4F51F2773710004126E /* NextRoundViewModel.swift in Sources */,
				4DE5E5231F2780110004126E /* HUDViewController.swift in Sources */,
				4D1A4C531F21365500680333 /* Die.swift in Sources */,
				4DC6AC1D1F21CCA300AED444 /* ObsolescenceManager.swift in Sources */,
				4D1A4C451F21321900680333 /* Game.swift in Sources */,
				4D1A4C381F21316100680333 /* GameConfig.swift in Sources */,
				4D1A4C471F21335400680333 /* GameBoard.swift in Sources */,
				4DE5E5281F2793040004126E /* MainMenuViewController.swift in Sources */,
				4DE5E51C1F277E6F0004126E /* BuyProductionDetailViewController.swift in Sources */,
				4D1A4C3F1F21316F00680333 /* StateManager.swift in Sources */,
				4D1A4C2D1F21315200680333 /* Sounds.swift in Sources */,
				4D1A4C591F2138C200680333 /* SalesRule.swift in Sources */,
				4D1A4C631F2139C900680333 /* SetupManager.swift in Sources */,
				4DE5E4F11F2772300004126E /* TaxesViewModel.swift in Sources */,
				4D1A4C611F21396E00680333 /* Production+API.swift in Sources */,
				4DE5E51A1F277E620004126E /* BuyTrainDetailViewController.swift in Sources */,
				4DE5E5031F277B8A0004126E /* BuyTrainViewController.swift in Sources */,
				4D1A4C2C1F21315200680333 /* Fonts.swift in Sources */,
				4D1A4C391F21316100680333 /* Helpers.swift in Sources */,
				4D1A4C3E1F21316F00680333 /* GameStates.swift in Sources */,
				4D1A4C551F21367400680333 /* Account.swift in Sources */,
				4DE5E4EB1F276FBE0004126E /* BuyProductionViewModel.swift in Sources */,
				4DE5E4F91F27749C0004126E /* PauseMenuViewModel.swift in Sources */,
				4D1A4C4B1F21360A00680333 /* Engine.swift in Sources */,
				4D1A4C571F21388800680333 /* Tax.swift in Sources */,
				4D1A4C5F1F21394A00680333 /* Player+API.swift in Sources */,
				4D1A4C351F21315800680333 /* EY+Time.swift in Sources */,
				4D1A4C271F21314B00680333 /* ErrorCodes.swift in Sources */,
			);
			runOnlyForDeploymentPostprocessing = 0;
		};
		4D94295E1F21243C006B2D89 /* Sources */ = {
			isa = PBXSourcesBuildPhase;
			buildActionMask = 2147483647;
			files = (
				4DC6AC261F21E09900AED444 /* GameTests.swift in Sources */,
				4DC6AC2C1F21EB1D00AED444 /* GameSetupTests.swift in Sources */,
				4DC6AC281F21E3C700AED444 /* TaxTests.swift in Sources */,
				4DE8BBF11F2647FC00056CF1 /* PurchaseLocomotiveTests.swift in Sources */,
				4DE8BBF71F26817800056CF1 /* SalesTests.swift in Sources */,
				4D1A4C161F212D2600680333 /* BaseTests.swift in Sources */,
				4DC6AC221F21D6C700AED444 /* FixtureTests.swift in Sources */,
				4DC6AC2E1F21FC0D00AED444 /* ObsolescenceTests.swift in Sources */,
				4DC6AC2A1F21E53E00AED444 /* AccountTests.swift in Sources */,
				4DE8BBED1F25F4E700056CF1 /* TransferOrderTests.swift in Sources */,
				4DE8BBEF1F25FDB100056CF1 /* ProductionTests.swift in Sources */,
			);
			runOnlyForDeploymentPostprocessing = 0;
		};
/* End PBXSourcesBuildPhase section */

/* Begin PBXTargetDependency section */
		4D9429641F21243C006B2D89 /* PBXTargetDependency */ = {
			isa = PBXTargetDependency;
			target = 4D94294D1F21243C006B2D89 /* EngineYard */;
			targetProxy = 4D9429631F21243C006B2D89 /* PBXContainerItemProxy */;
		};
/* End PBXTargetDependency section */

/* Begin PBXVariantGroup section */
		4D9429741F2124B7006B2D89 /* LaunchScreen.storyboard */ = {
			isa = PBXVariantGroup;
			children = (
				4D9429751F2124B7006B2D89 /* Base */,
			);
			name = LaunchScreen.storyboard;
			sourceTree = "<group>";
		};
		4D9429761F2124B7006B2D89 /* Main.storyboard */ = {
			isa = PBXVariantGroup;
			children = (
				4D9429771F2124B7006B2D89 /* Base */,
			);
			name = Main.storyboard;
			sourceTree = "<group>";
		};
		4DE5E4FF1F277B4E0004126E /* BuyTrain.storyboard */ = {
			isa = PBXVariantGroup;
			children = (
				4DE5E5001F277B4E0004126E /* Base */,
			);
			name = BuyTrain.storyboard;
			sourceTree = "<group>";
		};
		4DE5E5061F277BDF0004126E /* BuyProduction.storyboard */ = {
			isa = PBXVariantGroup;
			children = (
				4DE5E5071F277BDF0004126E /* Base */,
			);
			name = BuyProduction.storyboard;
			sourceTree = "<group>";
		};
		4DE5E5091F277BF60004126E /* Selling.storyboard */ = {
			isa = PBXVariantGroup;
			children = (
				4DE5E50A1F277BF60004126E /* Base */,
			);
			name = Selling.storyboard;
			sourceTree = "<group>";
		};
		4DE5E5161F277CBD0004126E /* Winner.storyboard */ = {
			isa = PBXVariantGroup;
			children = (
				4DE5E5171F277CBD0004126E /* Base */,
			);
			name = Winner.storyboard;
			sourceTree = "<group>";
		};
		4DE5E51F1F277FFD0004126E /* HUD.storyboard */ = {
			isa = PBXVariantGroup;
			children = (
				4DE5E5201F277FFD0004126E /* Base */,
			);
			name = HUD.storyboard;
			sourceTree = "<group>";
		};
/* End PBXVariantGroup section */

/* Begin XCBuildConfiguration section */
		4D9429691F21243C006B2D89 /* Debug */ = {
			isa = XCBuildConfiguration;
			buildSettings = {
				ALWAYS_SEARCH_USER_PATHS = NO;
				CLANG_ANALYZER_NONNULL = YES;
				CLANG_CXX_LANGUAGE_STANDARD = "gnu++0x";
				CLANG_CXX_LIBRARY = "libc++";
				CLANG_ENABLE_MODULES = YES;
				CLANG_ENABLE_OBJC_ARC = YES;
				CLANG_WARN_BOOL_CONVERSION = YES;
				CLANG_WARN_CONSTANT_CONVERSION = YES;
				CLANG_WARN_DIRECT_OBJC_ISA_USAGE = YES_ERROR;
				CLANG_WARN_DOCUMENTATION_COMMENTS = YES;
				CLANG_WARN_EMPTY_BODY = YES;
				CLANG_WARN_ENUM_CONVERSION = YES;
				CLANG_WARN_INFINITE_RECURSION = YES;
				CLANG_WARN_INT_CONVERSION = YES;
				CLANG_WARN_OBJC_ROOT_CLASS = YES_ERROR;
				CLANG_WARN_SUSPICIOUS_MOVE = YES;
				CLANG_WARN_UNREACHABLE_CODE = YES;
				CLANG_WARN__DUPLICATE_METHOD_MATCH = YES;
				"CODE_SIGN_IDENTITY[sdk=iphoneos*]" = "iPhone Developer";
				COPY_PHASE_STRIP = NO;
				DEBUG_INFORMATION_FORMAT = dwarf;
				ENABLE_STRICT_OBJC_MSGSEND = YES;
				ENABLE_TESTABILITY = YES;
				GCC_C_LANGUAGE_STANDARD = gnu99;
				GCC_DYNAMIC_NO_PIC = NO;
				GCC_NO_COMMON_BLOCKS = YES;
				GCC_OPTIMIZATION_LEVEL = 0;
				GCC_PREPROCESSOR_DEFINITIONS = (
					"DEBUG=1",
					"$(inherited)",
				);
				GCC_WARN_64_TO_32_BIT_CONVERSION = YES;
				GCC_WARN_ABOUT_RETURN_TYPE = YES_ERROR;
				GCC_WARN_UNDECLARED_SELECTOR = YES;
				GCC_WARN_UNINITIALIZED_AUTOS = YES_AGGRESSIVE;
				GCC_WARN_UNUSED_FUNCTION = YES;
				GCC_WARN_UNUSED_VARIABLE = YES;
				IPHONEOS_DEPLOYMENT_TARGET = 10.2;
				MTL_ENABLE_DEBUG_INFO = YES;
				ONLY_ACTIVE_ARCH = YES;
				SDKROOT = iphoneos;
				SWIFT_ACTIVE_COMPILATION_CONDITIONS = DEBUG;
				SWIFT_OPTIMIZATION_LEVEL = "-Onone";
			};
			name = Debug;
		};
		4D94296A1F21243C006B2D89 /* Release */ = {
			isa = XCBuildConfiguration;
			buildSettings = {
				ALWAYS_SEARCH_USER_PATHS = NO;
				CLANG_ANALYZER_NONNULL = YES;
				CLANG_CXX_LANGUAGE_STANDARD = "gnu++0x";
				CLANG_CXX_LIBRARY = "libc++";
				CLANG_ENABLE_MODULES = YES;
				CLANG_ENABLE_OBJC_ARC = YES;
				CLANG_WARN_BOOL_CONVERSION = YES;
				CLANG_WARN_CONSTANT_CONVERSION = YES;
				CLANG_WARN_DIRECT_OBJC_ISA_USAGE = YES_ERROR;
				CLANG_WARN_DOCUMENTATION_COMMENTS = YES;
				CLANG_WARN_EMPTY_BODY = YES;
				CLANG_WARN_ENUM_CONVERSION = YES;
				CLANG_WARN_INFINITE_RECURSION = YES;
				CLANG_WARN_INT_CONVERSION = YES;
				CLANG_WARN_OBJC_ROOT_CLASS = YES_ERROR;
				CLANG_WARN_SUSPICIOUS_MOVE = YES;
				CLANG_WARN_UNREACHABLE_CODE = YES;
				CLANG_WARN__DUPLICATE_METHOD_MATCH = YES;
				"CODE_SIGN_IDENTITY[sdk=iphoneos*]" = "iPhone Developer";
				COPY_PHASE_STRIP = NO;
				DEBUG_INFORMATION_FORMAT = "dwarf-with-dsym";
				ENABLE_NS_ASSERTIONS = NO;
				ENABLE_STRICT_OBJC_MSGSEND = YES;
				GCC_C_LANGUAGE_STANDARD = gnu99;
				GCC_NO_COMMON_BLOCKS = YES;
				GCC_WARN_64_TO_32_BIT_CONVERSION = YES;
				GCC_WARN_ABOUT_RETURN_TYPE = YES_ERROR;
				GCC_WARN_UNDECLARED_SELECTOR = YES;
				GCC_WARN_UNINITIALIZED_AUTOS = YES_AGGRESSIVE;
				GCC_WARN_UNUSED_FUNCTION = YES;
				GCC_WARN_UNUSED_VARIABLE = YES;
				IPHONEOS_DEPLOYMENT_TARGET = 10.2;
				MTL_ENABLE_DEBUG_INFO = NO;
				SDKROOT = iphoneos;
				SWIFT_OPTIMIZATION_LEVEL = "-Owholemodule";
				VALIDATE_PRODUCT = YES;
			};
			name = Release;
		};
		4D94296C1F21243C006B2D89 /* Debug */ = {
			isa = XCBuildConfiguration;
			baseConfigurationReference = 9367A3353E6EE7FD594061E2 /* Pods-EngineYard.debug.xcconfig */;
			buildSettings = {
				ALWAYS_EMBED_SWIFT_STANDARD_LIBRARIES = "$(inherited)";
				ASSETCATALOG_COMPILER_APPICON_NAME = AppIcon;
				ASSETCATALOG_COMPILER_LAUNCHIMAGE_NAME = LaunchImage;
				DEVELOPMENT_TEAM = A48R25Y4D5;
				INFOPLIST_FILE = EngineYard_iOS/Info.plist;
				IPHONEOS_DEPLOYMENT_TARGET = 9.1;
				LD_RUNPATH_SEARCH_PATHS = "$(inherited) @executable_path/Frameworks";
				PRODUCT_BUNDLE_IDENTIFIER = uk.co.silentflute.EngineYard;
				PRODUCT_NAME = "$(TARGET_NAME)";
				SWIFT_VERSION = 3.0;
				TARGETED_DEVICE_FAMILY = 1;
			};
			name = Debug;
		};
		4D94296D1F21243C006B2D89 /* Release */ = {
			isa = XCBuildConfiguration;
			baseConfigurationReference = 168E1CE1714A49BF9AA68937 /* Pods-EngineYard.release.xcconfig */;
			buildSettings = {
				ALWAYS_EMBED_SWIFT_STANDARD_LIBRARIES = "$(inherited)";
				ASSETCATALOG_COMPILER_APPICON_NAME = AppIcon;
				ASSETCATALOG_COMPILER_LAUNCHIMAGE_NAME = LaunchImage;
				DEVELOPMENT_TEAM = A48R25Y4D5;
				INFOPLIST_FILE = EngineYard_iOS/Info.plist;
				IPHONEOS_DEPLOYMENT_TARGET = 9.1;
				LD_RUNPATH_SEARCH_PATHS = "$(inherited) @executable_path/Frameworks";
				PRODUCT_BUNDLE_IDENTIFIER = uk.co.silentflute.EngineYard;
				PRODUCT_NAME = "$(TARGET_NAME)";
				SWIFT_VERSION = 3.0;
				TARGETED_DEVICE_FAMILY = 1;
			};
			name = Release;
		};
		4D94296F1F21243C006B2D89 /* Debug */ = {
			isa = XCBuildConfiguration;
			baseConfigurationReference = 3576C8EE777332A3375423F4 /* Pods-EngineYardTests.debug.xcconfig */;
			buildSettings = {
				ALWAYS_EMBED_SWIFT_STANDARD_LIBRARIES = "$(inherited)";
				BUNDLE_LOADER = "$(TEST_HOST)";
				DEVELOPMENT_TEAM = A48R25Y4D5;
				INFOPLIST_FILE = EngineYardTests/Info.plist;
				LD_RUNPATH_SEARCH_PATHS = "$(inherited) @executable_path/Frameworks @loader_path/Frameworks";
				PRODUCT_BUNDLE_IDENTIFIER = uk.co.silentflute.EngineYardTests;
				PRODUCT_NAME = "$(TARGET_NAME)";
				SWIFT_VERSION = 3.0;
				TEST_HOST = "$(BUILT_PRODUCTS_DIR)/EngineYard.app/EngineYard";
			};
			name = Debug;
		};
		4D9429701F21243C006B2D89 /* Release */ = {
			isa = XCBuildConfiguration;
			baseConfigurationReference = E4E5013E34E3028E718C800D /* Pods-EngineYardTests.release.xcconfig */;
			buildSettings = {
				ALWAYS_EMBED_SWIFT_STANDARD_LIBRARIES = "$(inherited)";
				BUNDLE_LOADER = "$(TEST_HOST)";
				DEVELOPMENT_TEAM = A48R25Y4D5;
				INFOPLIST_FILE = EngineYardTests/Info.plist;
				LD_RUNPATH_SEARCH_PATHS = "$(inherited) @executable_path/Frameworks @loader_path/Frameworks";
				PRODUCT_BUNDLE_IDENTIFIER = uk.co.silentflute.EngineYardTests;
				PRODUCT_NAME = "$(TARGET_NAME)";
				SWIFT_VERSION = 3.0;
				TEST_HOST = "$(BUILT_PRODUCTS_DIR)/EngineYard.app/EngineYard";
			};
			name = Release;
		};
/* End XCBuildConfiguration section */

/* Begin XCConfigurationList section */
		4D9429491F21243C006B2D89 /* Build configuration list for PBXProject "EngineYard" */ = {
			isa = XCConfigurationList;
			buildConfigurations = (
				4D9429691F21243C006B2D89 /* Debug */,
				4D94296A1F21243C006B2D89 /* Release */,
			);
			defaultConfigurationIsVisible = 0;
			defaultConfigurationName = Release;
		};
		4D94296B1F21243C006B2D89 /* Build configuration list for PBXNativeTarget "EngineYard" */ = {
			isa = XCConfigurationList;
			buildConfigurations = (
				4D94296C1F21243C006B2D89 /* Debug */,
				4D94296D1F21243C006B2D89 /* Release */,
			);
			defaultConfigurationIsVisible = 0;
			defaultConfigurationName = Release;
		};
		4D94296E1F21243C006B2D89 /* Build configuration list for PBXNativeTarget "EngineYardTests" */ = {
			isa = XCConfigurationList;
			buildConfigurations = (
				4D94296F1F21243C006B2D89 /* Debug */,
				4D9429701F21243C006B2D89 /* Release */,
			);
			defaultConfigurationIsVisible = 0;
			defaultConfigurationName = Release;
		};
/* End XCConfigurationList section */
	};
	rootObject = 4D9429461F21243C006B2D89 /* Project object */;
}
